
Microsoft Visual Studio Solution File, Format Version 12.00
# Visual Studio Version 17
VisualStudioVersion = 17.0.31903.59
MinimumVisualStudioVersion = 10.0.40219.1
Project("{2150E333-8FDC-42A3-9474-1A3956D46DE8}") = "src", "src", "{827E0CD3-B72D-47B6-A68D-7590B98EB39B}"
EndProject
Project("{FAE04EC0-301F-11D3-BF4B-00C04F79EFBC}") = "ERP.SharedKernel", "src\ERP.SharedKernel\ERP.SharedKernel.csproj", "{35240F35-A648-4D15-BD64-C3BB041B85BC}"
EndProject
Project("{FAE04EC0-301F-11D3-BF4B-00C04F79EFBC}") = "ERP.Domain", "src\ERP.Domain\ERP.Domain.csproj", "{F58CF02A-4BED-4BE4-B107-55A2D0BE717E}"
EndProject
Project("{FAE04EC0-301F-11D3-BF4B-00C04F79EFBC}") = "ERP.Application", "src\ERP.Application\ERP.Application.csproj", "{D4DCC7F5-CBC0-4076-A7F3-457C65FD0D57}"
EndProject
Project("{FAE04EC0-301F-11D3-BF4B-00C04F79EFBC}") = "ERP.Infrastructure", "src\ERP.Infrastructure\ERP.Infrastructure.csproj", "{055CC5C0-56C1-45B1-9D72-01DEE852734B}"
EndProject
Project("{FAE04EC0-301F-11D3-BF4B-00C04F79EFBC}") = "ERP.API", "src\ERP.API\ERP.API.csproj", "{709A04F3-5AB4-45F5-B79D-6B3E97628FCD}"
EndProject
Global
	GlobalSection(SolutionConfigurationPlatforms) = preSolution
		Debug|Any CPU = Debug|Any CPU
		Debug|x64 = Debug|x64
		Debug|x86 = Debug|x86
		Release|Any CPU = Release|Any CPU
		Release|x64 = Release|x64
		Release|x86 = Release|x86
	EndGlobalSection
	GlobalSection(ProjectConfigurationPlatforms) = postSolution
		{35240F35-A648-4D15-BD64-C3BB041B85BC}.Debug|Any CPU.ActiveCfg = Debug|Any CPU
		{35240F35-A648-4D15-BD64-C3BB041B85BC}.Debug|Any CPU.Build.0 = Debug|Any CPU
		{35240F35-A648-4D15-BD64-C3BB041B85BC}.Debug|x64.ActiveCfg = Debug|Any CPU
		{35240F35-A648-4D15-BD64-C3BB041B85BC}.Debug|x64.Build.0 = Debug|Any CPU
		{35240F35-A648-4D15-BD64-C3BB041B85BC}.Debug|x86.ActiveCfg = Debug|Any CPU
		{35240F35-A648-4D15-BD64-C3BB041B85BC}.Debug|x86.Build.0 = Debug|Any CPU
		{35240F35-A648-4D15-BD64-C3BB041B85BC}.Release|Any CPU.ActiveCfg = Release|Any CPU
		{35240F35-A648-4D15-BD64-C3BB041B85BC}.Release|Any CPU.Build.0 = Release|Any CPU
		{35240F35-A648-4D15-BD64-C3BB041B85BC}.Release|x64.ActiveCfg = Release|Any CPU
		{35240F35-A648-4D15-BD64-C3BB041B85BC}.Release|x64.Build.0 = Release|Any CPU
		{35240F35-A648-4D15-BD64-C3BB041B85BC}.Release|x86.ActiveCfg = Release|Any CPU
		{35240F35-A648-4D15-BD64-C3BB041B85BC}.Release|x86.Build.0 = Release|Any CPU
		{F58CF02A-4BED-4BE4-B107-55A2D0BE717E}.Debug|Any CPU.ActiveCfg = Debug|Any CPU
		{F58CF02A-4BED-4BE4-B107-55A2D0BE717E}.Debug|Any CPU.Build.0 = Debug|Any CPU
		{F58CF02A-4BED-4BE4-B107-55A2D0BE717E}.Debug|x64.ActiveCfg = Debug|Any CPU
		{F58CF02A-4BED-4BE4-B107-55A2D0BE717E}.Debug|x64.Build.0 = Debug|Any CPU
		{F58CF02A-4BED-4BE4-B107-55A2D0BE717E}.Debug|x86.ActiveCfg = Debug|Any CPU
		{F58CF02A-4BED-4BE4-B107-55A2D0BE717E}.Debug|x86.Build.0 = Debug|Any CPU
		{F58CF02A-4BED-4BE4-B107-55A2D0BE717E}.Release|Any CPU.ActiveCfg = Release|Any CPU
		{F58CF02A-4BED-4BE4-B107-55A2D0BE717E}.Release|Any CPU.Build.0 = Release|Any CPU
		{F58CF02A-4BED-4BE4-B107-55A2D0BE717E}.Release|x64.ActiveCfg = Release|Any CPU
		{F58CF02A-4BED-4BE4-B107-55A2D0BE717E}.Release|x64.Build.0 = Release|Any CPU
		{F58CF02A-4BED-4BE4-B107-55A2D0BE717E}.Release|x86.ActiveCfg = Release|Any CPU
		{F58CF02A-4BED-4BE4-B107-55A2D0BE717E}.Release|x86.Build.0 = Release|Any CPU
		{D4DCC7F5-CBC0-4076-A7F3-457C65FD0D57}.Debug|Any CPU.ActiveCfg = Debug|Any CPU
		{D4DCC7F5-CBC0-4076-A7F3-457C65FD0D57}.Debug|Any CPU.Build.0 = Debug|Any CPU
		{D4DCC7F5-CBC0-4076-A7F3-457C65FD0D57}.Debug|x64.ActiveCfg = Debug|Any CPU
		{D4DCC7F5-CBC0-4076-A7F3-457C65FD0D57}.Debug|x64.Build.0 = Debug|Any CPU
		{D4DCC7F5-CBC0-4076-A7F3-457C65FD0D57}.Debug|x86.ActiveCfg = Debug|Any CPU
		{D4DCC7F5-CBC0-4076-A7F3-457C65FD0D57}.Debug|x86.Build.0 = Debug|Any CPU
		{D4DCC7F5-CBC0-4076-A7F3-457C65FD0D57}.Release|Any CPU.ActiveCfg = Release|Any CPU
		{D4DCC7F5-CBC0-4076-A7F3-457C65FD0D57}.Release|Any CPU.Build.0 = Release|Any CPU
		{D4DCC7F5-CBC0-4076-A7F3-457C65FD0D57}.Release|x64.ActiveCfg = Release|Any CPU
		{D4DCC7F5-CBC0-4076-A7F3-457C65FD0D57}.Release|x64.Build.0 = Release|Any CPU
		{D4DCC7F5-CBC0-4076-A7F3-457C65FD0D57}.Release|x86.ActiveCfg = Release|Any CPU
		{D4DCC7F5-CBC0-4076-A7F3-457C65FD0D57}.Release|x86.Build.0 = Release|Any CPU
		{055CC5C0-56C1-45B1-9D72-01DEE852734B}.Debug|Any CPU.ActiveCfg = Debug|Any CPU
		{055CC5C0-56C1-45B1-9D72-01DEE852734B}.Debug|Any CPU.Build.0 = Debug|Any CPU
		{055CC5C0-56C1-45B1-9D72-01DEE852734B}.Debug|x64.ActiveCfg = Debug|Any CPU
		{055CC5C0-56C1-45B1-9D72-01DEE852734B}.Debug|x64.Build.0 = Debug|Any CPU
		{055CC5C0-56C1-45B1-9D72-01DEE852734B}.Debug|x86.ActiveCfg = Debug|Any CPU
		{055CC5C0-56C1-45B1-9D72-01DEE852734B}.Debug|x86.Build.0 = Debug|Any CPU
		{055CC5C0-56C1-45B1-9D72-01DEE852734B}.Release|Any CPU.ActiveCfg = Release|Any CPU
		{055CC5C0-56C1-45B1-9D72-01DEE852734B}.Release|Any CPU.Build.0 = Release|Any CPU
		{055CC5C0-56C1-45B1-9D72-01DEE852734B}.Release|x64.ActiveCfg = Release|Any CPU
		{055CC5C0-56C1-45B1-9D72-01DEE852734B}.Release|x64.Build.0 = Release|Any CPU
		{055CC5C0-56C1-45B1-9D72-01DEE852734B}.Release|x86.ActiveCfg = Release|Any CPU
		{055CC5C0-56C1-45B1-9D72-01DEE852734B}.Release|x86.Build.0 = Release|Any CPU
		{709A04F3-5AB4-45F5-B79D-6B3E97628FCD}.Debug|Any CPU.ActiveCfg = Debug|Any CPU
		{709A04F3-5AB4-45F5-B79D-6B3E97628FCD}.Debug|Any CPU.Build.0 = Debug|Any CPU
		{709A04F3-5AB4-45F5-B79D-6B3E97628FCD}.Debug|x64.ActiveCfg = Debug|Any CPU
		{709A04F3-5AB4-45F5-B79D-6B3E97628FCD}.Debug|x64.Build.0 = Debug|Any CPU
		{709A04F3-5AB4-45F5-B79D-6B3E97628FCD}.Debug|x86.ActiveCfg = Debug|Any CPU
		{709A04F3-5AB4-45F5-B79D-6B3E97628FCD}.Debug|x86.Build.0 = Debug|Any CPU
		{709A04F3-5AB4-45F5-B79D-6B3E97628FCD}.Release|Any CPU.ActiveCfg = Release|Any CPU
		{709A04F3-5AB4-45F5-B79D-6B3E97628FCD}.Release|Any CPU.Build.0 = Release|Any CPU
		{709A04F3-5AB4-45F5-B79D-6B3E97628FCD}.Release|x64.ActiveCfg = Release|Any CPU
		{709A04F3-5AB4-45F5-B79D-6B3E97628FCD}.Release|x64.Build.0 = Release|Any CPU
		{709A04F3-5AB4-45F5-B79D-6B3E97628FCD}.Release|x86.ActiveCfg = Release|Any CPU
		{709A04F3-5AB4-45F5-B79D-6B3E97628FCD}.Release|x86.Build.0 = Release|Any CPU
	EndGlobalSection
	GlobalSection(SolutionProperties) = preSolution
		HideSolutionNode = FALSE
	EndGlobalSection
	GlobalSection(NestedProjects) = preSolution
		{35240F35-A648-4D15-BD64-C3BB041B85BC} = {827E0CD3-B72D-47B6-A68D-7590B98EB39B}
		{F58CF02A-4BED-4BE4-B107-55A2D0BE717E} = {827E0CD3-B72D-47B6-A68D-7590B98EB39B}
		{D4DCC7F5-CBC0-4076-A7F3-457C65FD0D57} = {827E0CD3-B72D-47B6-A68D-7590B98EB39B}
		{055CC5C0-56C1-45B1-9D72-01DEE852734B} = {827E0CD3-B72D-47B6-A68D-7590B98EB39B}
		{709A04F3-5AB4-45F5-B79D-6B3E97628FCD} = {827E0CD3-B72D-47B6-A68D-7590B98EB39B}
	EndGlobalSection
EndGlobal
